
Microsoft Visual Studio Solution File, Format Version 12.00
# Visual Studio 15
VisualStudioVersion = 15.0.27428.2043
MinimumVisualStudioVersion = 10.0.40219.1
Project("{E53339B2-1760-4266-BCC7-CA923CBCF16C}") = "docker-compose", "docker-compose.dcproj", "{491ACDF2-DE4A-44D4-936D-1229B62D4698}"
EndProject
Project("{2150E333-8FDC-42A3-9474-1A3956D46DE8}") = "10.UI", "10.UI", "{A1901BC2-175D-4F52-BA67-541A60FAE0B1}"
EndProject
Project("{2150E333-8FDC-42A3-9474-1A3956D46DE8}") = "50.Test", "50.Test", "{248B85D5-9B6C-4095-A518-20DB581D963B}"
EndProject
Project("{2150E333-8FDC-42A3-9474-1A3956D46DE8}") = "40.Crosscutting", "40.Crosscutting", "{FA2403DA-0782-4B15-AC94-4A1B978907D3}"
EndProject
Project("{9A19103F-16F7-4668-BE54-9A1E7A4F7556}") = "OMSApp.Crosscutting", "OMSApp.Crosscutting\OMSApp.Crosscutting.csproj", "{41B49CBA-5FE4-4464-BA8D-A5E50B877814}"
EndProject
Project("{9A19103F-16F7-4668-BE54-9A1E7A4F7556}") = "WebAppOMS", "WebAppOMS\WebAppOMS.csproj", "{FD4B088F-2E20-4FF1-A1D3-D7DE1BA7F12D}"
EndProject
Project("{9A19103F-16F7-4668-BE54-9A1E7A4F7556}") = "XUnitTestOMS", "XUnitTestOMS\XUnitTestOMS.csproj", "{25432C37-082E-4539-81BE-A1CFAEA70612}"
EndProject
Project("{2150E333-8FDC-42A3-9474-1A3956D46DE8}") = "20.BAL", "20.BAL", "{6826409E-A6F0-425D-A2D4-9DFE1BC4E347}"
EndProject
Project("{2150E333-8FDC-42A3-9474-1A3956D46DE8}") = "30.DAL", "30.DAL", "{BF0ECA70-B99B-469F-B2AF-05E26A16600F}"
EndProject
Project("{FAE04EC0-301F-11D3-BF4B-00C04F79EFBC}") = "OMSApp.BAL", "OMSApp.BAL\OMSApp.BAL.csproj", "{B9A20E5C-9F1D-4577-83E3-855D9BC37EC3}"
EndProject
Project("{FAE04EC0-301F-11D3-BF4B-00C04F79EFBC}") = "OMSApp.DAL", "OMSApp.DAL\OMSApp.DAL.csproj", "{D0CEA7D3-625A-4B20-A19A-F1C6A3894FE0}"
EndProject
Global
	GlobalSection(SolutionConfigurationPlatforms) = preSolution
		Debug|Any CPU = Debug|Any CPU
		Release|Any CPU = Release|Any CPU
	EndGlobalSection
	GlobalSection(ProjectConfigurationPlatforms) = postSolution
		{491ACDF2-DE4A-44D4-936D-1229B62D4698}.Debug|Any CPU.ActiveCfg = Debug|Any CPU
		{491ACDF2-DE4A-44D4-936D-1229B62D4698}.Debug|Any CPU.Build.0 = Debug|Any CPU
		{491ACDF2-DE4A-44D4-936D-1229B62D4698}.Release|Any CPU.ActiveCfg = Release|Any CPU
		{491ACDF2-DE4A-44D4-936D-1229B62D4698}.Release|Any CPU.Build.0 = Release|Any CPU
		{41B49CBA-5FE4-4464-BA8D-A5E50B877814}.Debug|Any CPU.ActiveCfg = Debug|Any CPU
		{41B49CBA-5FE4-4464-BA8D-A5E50B877814}.Debug|Any CPU.Build.0 = Debug|Any CPU
		{41B49CBA-5FE4-4464-BA8D-A5E50B877814}.Release|Any CPU.ActiveCfg = Release|Any CPU
		{41B49CBA-5FE4-4464-BA8D-A5E50B877814}.Release|Any CPU.Build.0 = Release|Any CPU
		{FD4B088F-2E20-4FF1-A1D3-D7DE1BA7F12D}.Debug|Any CPU.ActiveCfg = Debug|Any CPU
		{FD4B088F-2E20-4FF1-A1D3-D7DE1BA7F12D}.Debug|Any CPU.Build.0 = Debug|Any CPU
		{FD4B088F-2E20-4FF1-A1D3-D7DE1BA7F12D}.Release|Any CPU.ActiveCfg = Release|Any CPU
		{FD4B088F-2E20-4FF1-A1D3-D7DE1BA7F12D}.Release|Any CPU.Build.0 = Release|Any CPU
		{25432C37-082E-4539-81BE-A1CFAEA70612}.Debug|Any CPU.ActiveCfg = Debug|Any CPU
		{25432C37-082E-4539-81BE-A1CFAEA70612}.Debug|Any CPU.Build.0 = Debug|Any CPU
		{25432C37-082E-4539-81BE-A1CFAEA70612}.Release|Any CPU.ActiveCfg = Release|Any CPU
		{25432C37-082E-4539-81BE-A1CFAEA70612}.Release|Any CPU.Build.0 = Release|Any CPU
		{B9A20E5C-9F1D-4577-83E3-855D9BC37EC3}.Debug|Any CPU.ActiveCfg = Debug|Any CPU
		{B9A20E5C-9F1D-4577-83E3-855D9BC37EC3}.Debug|Any CPU.Build.0 = Debug|Any CPU
		{B9A20E5C-9F1D-4577-83E3-855D9BC37EC3}.Release|Any CPU.ActiveCfg = Release|Any CPU
		{B9A20E5C-9F1D-4577-83E3-855D9BC37EC3}.Release|Any CPU.Build.0 = Release|Any CPU
		{D0CEA7D3-625A-4B20-A19A-F1C6A3894FE0}.Debug|Any CPU.ActiveCfg = Debug|Any CPU
		{D0CEA7D3-625A-4B20-A19A-F1C6A3894FE0}.Debug|Any CPU.Build.0 = Debug|Any CPU
		{D0CEA7D3-625A-4B20-A19A-F1C6A3894FE0}.Release|Any CPU.ActiveCfg = Release|Any CPU
		{D0CEA7D3-625A-4B20-A19A-F1C6A3894FE0}.Release|Any CPU.Build.0 = Release|Any CPU
	EndGlobalSection
	GlobalSection(SolutionProperties) = preSolution
		HideSolutionNode = FALSE
	EndGlobalSection
	GlobalSection(NestedProjects) = preSolution
		{41B49CBA-5FE4-4464-BA8D-A5E50B877814} = {FA2403DA-0782-4B15-AC94-4A1B978907D3}
		{FD4B088F-2E20-4FF1-A1D3-D7DE1BA7F12D} = {A1901BC2-175D-4F52-BA67-541A60FAE0B1}
		{25432C37-082E-4539-81BE-A1CFAEA70612} = {248B85D5-9B6C-4095-A518-20DB581D963B}
		{B9A20E5C-9F1D-4577-83E3-855D9BC37EC3} = {6826409E-A6F0-425D-A2D4-9DFE1BC4E347}
		{D0CEA7D3-625A-4B20-A19A-F1C6A3894FE0} = {BF0ECA70-B99B-469F-B2AF-05E26A16600F}
	EndGlobalSection
	GlobalSection(ExtensibilityGlobals) = postSolution
		SolutionGuid = {5AB6BB87-2047-412E-8802-D79F446C7042}
	EndGlobalSection
EndGlobal
